
Microsoft Visual Studio Solution File, Format Version 12.00
# Visual Studio Version 17
VisualStudioVersion = 17.5.33424.131
MinimumVisualStudioVersion = 10.0.40219.1
Project("{FAE04EC0-301F-11D3-BF4B-00C04F79EFBC}") = "BigSchool", "BigSchool\BigSchool.csproj", "{3571060F-2087-465C-A85B-41E52C98F602}"
EndProject
Global
	GlobalSection(SolutionConfigurationPlatforms) = preSolution
		Debug|Any CPU = Debug|Any CPU
		Release|Any CPU = Release|Any CPU
	EndGlobalSection
	GlobalSection(ProjectConfigurationPlatforms) = postSolution
		{3571060F-2087-465C-A85B-41E52C98F602}.Debug|Any CPU.ActiveCfg = Debug|Any CPU
		{3571060F-2087-465C-A85B-41E52C98F602}.Debug|Any CPU.Build.0 = Debug|Any CPU
		{3571060F-2087-465C-A85B-41E52C98F602}.Release|Any CPU.ActiveCfg = Release|Any CPU
		{3571060F-2087-465C-A85B-41E52C98F602}.Release|Any CPU.Build.0 = Release|Any CPU
	EndGlobalSection
	GlobalSection(SolutionProperties) = preSolution
		HideSolutionNode = FALSE
	EndGlobalSection
	GlobalSection(ExtensibilityGlobals) = postSolution
		SolutionGuid = {FA2960AB-87D4-4E1E-A7EF-721ED8271AE2}
	EndGlobalSection
EndGlobal
